
Microsoft Visual Studio Solution File, Format Version 12.00
# Visual Studio Version 17
VisualStudioVersion = 17.0.31903.59
MinimumVisualStudioVersion = 10.0.40219.1
Project("{2150E333-8FDC-42A3-9474-1A3956D46DE8}") = "src", "src", "{827E0CD3-B72D-47B6-A68D-7590B98EB39B}"
EndProject
Project("{FAE04EC0-301F-11D3-BF4B-00C04F79EFBC}") = "Rumours.Core", "src\Rumours.Core\Rumours.Core.csproj", "{353DDF2F-3247-4E39-908C-F8A2798A28C5}"
EndProject
Project("{FAE04EC0-301F-11D3-BF4B-00C04F79EFBC}") = "Rumours.Capture", "src\Rumours.Capture\Rumours.Capture.csproj", "{05131118-6F97-442D-99AA-2609FBDB11A9}"
EndProject
Project("{FAE04EC0-301F-11D3-BF4B-00C04F79EFBC}") = "Rumours.App", "src\Rumours.App\Rumours.App.csproj", "{2A2A46CF-69CE-4694-8039-5563E151FBC1}"
EndProject
Project("{FAE04EC0-301F-11D3-BF4B-00C04F79EFBC}") = "Rumours.Core.Tests", "tests\Rumours.Core.Tests\Rumours.Core.Tests.csproj", "{E9B74378-C209-4AF7-A35E-964ABC085B8A}"
EndProject
Project("{2150E333-8FDC-42A3-9474-1A3956D46DE8}") = "tools", "tools", "{07C2787E-EAC7-C090-1BA3-A61EC2A24D84}"
EndProject
Project("{FAE04EC0-301F-11D3-BF4B-00C04F79EFBC}") = "OcrProbe", "tools\OcrProbe\OcrProbe.csproj", "{9F693C4A-C4FF-4AB3-BCAC-77A56EE9A8ED}"
EndProject
Project("{2150E333-8FDC-42A3-9474-1A3956D46DE8}") = "tests", "tests", "{0AB3BF05-4346-4AA6-1389-037BE0695223}"
EndProject
Project("{FAE04EC0-301F-11D3-BF4B-00C04F79EFBC}") = "Rumours.App.Tests", "tests\Rumours.App.Tests\Rumours.App.Tests.csproj", "{C93AAE17-18CF-40CF-8151-F89BA6543C18}"
EndProject
Global
	GlobalSection(SolutionConfigurationPlatforms) = preSolution
		Debug|Any CPU = Debug|Any CPU
		Debug|x64 = Debug|x64
		Debug|x86 = Debug|x86
		Release|Any CPU = Release|Any CPU
		Release|x64 = Release|x64
		Release|x86 = Release|x86
	EndGlobalSection
	GlobalSection(ProjectConfigurationPlatforms) = postSolution
		{353DDF2F-3247-4E39-908C-F8A2798A28C5}.Debug|Any CPU.ActiveCfg = Debug|Any CPU
		{353DDF2F-3247-4E39-908C-F8A2798A28C5}.Debug|Any CPU.Build.0 = Debug|Any CPU
		{353DDF2F-3247-4E39-908C-F8A2798A28C5}.Debug|x64.ActiveCfg = Debug|Any CPU
		{353DDF2F-3247-4E39-908C-F8A2798A28C5}.Debug|x64.Build.0 = Debug|Any CPU
		{353DDF2F-3247-4E39-908C-F8A2798A28C5}.Debug|x86.ActiveCfg = Debug|Any CPU
		{353DDF2F-3247-4E39-908C-F8A2798A28C5}.Debug|x86.Build.0 = Debug|Any CPU
		{353DDF2F-3247-4E39-908C-F8A2798A28C5}.Release|Any CPU.ActiveCfg = Release|Any CPU
		{353DDF2F-3247-4E39-908C-F8A2798A28C5}.Release|Any CPU.Build.0 = Release|Any CPU
		{353DDF2F-3247-4E39-908C-F8A2798A28C5}.Release|x64.ActiveCfg = Release|Any CPU
		{353DDF2F-3247-4E39-908C-F8A2798A28C5}.Release|x64.Build.0 = Release|Any CPU
		{353DDF2F-3247-4E39-908C-F8A2798A28C5}.Release|x86.ActiveCfg = Release|Any CPU
		{353DDF2F-3247-4E39-908C-F8A2798A28C5}.Release|x86.Build.0 = Release|Any CPU
		{05131118-6F97-442D-99AA-2609FBDB11A9}.Debug|Any CPU.ActiveCfg = Debug|Any CPU
		{05131118-6F97-442D-99AA-2609FBDB11A9}.Debug|Any CPU.Build.0 = Debug|Any CPU
		{05131118-6F97-442D-99AA-2609FBDB11A9}.Debug|x64.ActiveCfg = Debug|Any CPU
		{05131118-6F97-442D-99AA-2609FBDB11A9}.Debug|x64.Build.0 = Debug|Any CPU
		{05131118-6F97-442D-99AA-2609FBDB11A9}.Debug|x86.ActiveCfg = Debug|Any CPU
		{05131118-6F97-442D-99AA-2609FBDB11A9}.Debug|x86.Build.0 = Debug|Any CPU
		{05131118-6F97-442D-99AA-2609FBDB11A9}.Release|Any CPU.ActiveCfg = Release|Any CPU
		{05131118-6F97-442D-99AA-2609FBDB11A9}.Release|Any CPU.Build.0 = Release|Any CPU
		{05131118-6F97-442D-99AA-2609FBDB11A9}.Release|x64.ActiveCfg = Release|Any CPU
		{05131118-6F97-442D-99AA-2609FBDB11A9}.Release|x64.Build.0 = Release|Any CPU
		{05131118-6F97-442D-99AA-2609FBDB11A9}.Release|x86.ActiveCfg = Release|Any CPU
		{05131118-6F97-442D-99AA-2609FBDB11A9}.Release|x86.Build.0 = Release|Any CPU
		{2A2A46CF-69CE-4694-8039-5563E151FBC1}.Debug|Any CPU.ActiveCfg = Debug|Any CPU
		{2A2A46CF-69CE-4694-8039-5563E151FBC1}.Debug|Any CPU.Build.0 = Debug|Any CPU
		{2A2A46CF-69CE-4694-8039-5563E151FBC1}.Debug|x64.ActiveCfg = Debug|Any CPU
		{2A2A46CF-69CE-4694-8039-5563E151FBC1}.Debug|x64.Build.0 = Debug|Any CPU
		{2A2A46CF-69CE-4694-8039-5563E151FBC1}.Debug|x86.ActiveCfg = Debug|Any CPU
		{2A2A46CF-69CE-4694-8039-5563E151FBC1}.Debug|x86.Build.0 = Debug|Any CPU
		{2A2A46CF-69CE-4694-8039-5563E151FBC1}.Release|Any CPU.ActiveCfg = Release|Any CPU
		{2A2A46CF-69CE-4694-8039-5563E151FBC1}.Release|Any CPU.Build.0 = Release|Any CPU
		{2A2A46CF-69CE-4694-8039-5563E151FBC1}.Release|x64.ActiveCfg = Release|Any CPU
		{2A2A46CF-69CE-4694-8039-5563E151FBC1}.Release|x64.Build.0 = Release|Any CPU
		{2A2A46CF-69CE-4694-8039-5563E151FBC1}.Release|x86.ActiveCfg = Release|Any CPU
		{2A2A46CF-69CE-4694-8039-5563E151FBC1}.Release|x86.Build.0 = Release|Any CPU
		{E9B74378-C209-4AF7-A35E-964ABC085B8A}.Debug|Any CPU.ActiveCfg = Debug|Any CPU
		{E9B74378-C209-4AF7-A35E-964ABC085B8A}.Debug|Any CPU.Build.0 = Debug|Any CPU
		{E9B74378-C209-4AF7-A35E-964ABC085B8A}.Debug|x64.ActiveCfg = Debug|Any CPU
		{E9B74378-C209-4AF7-A35E-964ABC085B8A}.Debug|x64.Build.0 = Debug|Any CPU
		{E9B74378-C209-4AF7-A35E-964ABC085B8A}.Debug|x86.ActiveCfg = Debug|Any CPU
		{E9B74378-C209-4AF7-A35E-964ABC085B8A}.Debug|x86.Build.0 = Debug|Any CPU
		{E9B74378-C209-4AF7-A35E-964ABC085B8A}.Release|Any CPU.ActiveCfg = Release|Any CPU
		{E9B74378-C209-4AF7-A35E-964ABC085B8A}.Release|Any CPU.Build.0 = Release|Any CPU
		{E9B74378-C209-4AF7-A35E-964ABC085B8A}.Release|x64.ActiveCfg = Release|Any CPU
		{E9B74378-C209-4AF7-A35E-964ABC085B8A}.Release|x64.Build.0 = Release|Any CPU
		{E9B74378-C209-4AF7-A35E-964ABC085B8A}.Release|x86.ActiveCfg = Release|Any CPU
		{E9B74378-C209-4AF7-A35E-964ABC085B8A}.Release|x86.Build.0 = Release|Any CPU
		{9F693C4A-C4FF-4AB3-BCAC-77A56EE9A8ED}.Debug|Any CPU.ActiveCfg = Debug|Any CPU
		{9F693C4A-C4FF-4AB3-BCAC-77A56EE9A8ED}.Debug|Any CPU.Build.0 = Debug|Any CPU
		{9F693C4A-C4FF-4AB3-BCAC-77A56EE9A8ED}.Debug|x64.ActiveCfg = Debug|Any CPU
		{9F693C4A-C4FF-4AB3-BCAC-77A56EE9A8ED}.Debug|x64.Build.0 = Debug|Any CPU
		{9F693C4A-C4FF-4AB3-BCAC-77A56EE9A8ED}.Debug|x86.ActiveCfg = Debug|Any CPU
		{9F693C4A-C4FF-4AB3-BCAC-77A56EE9A8ED}.Debug|x86.Build.0 = Debug|Any CPU
		{9F693C4A-C4FF-4AB3-BCAC-77A56EE9A8ED}.Release|Any CPU.ActiveCfg = Release|Any CPU
		{9F693C4A-C4FF-4AB3-BCAC-77A56EE9A8ED}.Release|Any CPU.Build.0 = Release|Any CPU
		{9F693C4A-C4FF-4AB3-BCAC-77A56EE9A8ED}.Release|x64.ActiveCfg = Release|Any CPU
		{9F693C4A-C4FF-4AB3-BCAC-77A56EE9A8ED}.Release|x64.Build.0 = Release|Any CPU
		{9F693C4A-C4FF-4AB3-BCAC-77A56EE9A8ED}.Release|x86.ActiveCfg = Release|Any CPU
		{9F693C4A-C4FF-4AB3-BCAC-77A56EE9A8ED}.Release|x86.Build.0 = Release|Any CPU
		{C93AAE17-18CF-40CF-8151-F89BA6543C18}.Debug|Any CPU.ActiveCfg = Debug|Any CPU
		{C93AAE17-18CF-40CF-8151-F89BA6543C18}.Debug|Any CPU.Build.0 = Debug|Any CPU
		{C93AAE17-18CF-40CF-8151-F89BA6543C18}.Debug|x64.ActiveCfg = Debug|Any CPU
		{C93AAE17-18CF-40CF-8151-F89BA6543C18}.Debug|x64.Build.0 = Debug|Any CPU
		{C93AAE17-18CF-40CF-8151-F89BA6543C18}.Debug|x86.ActiveCfg = Debug|Any CPU
		{C93AAE17-18CF-40CF-8151-F89BA6543C18}.Debug|x86.Build.0 = Debug|Any CPU
		{C93AAE17-18CF-40CF-8151-F89BA6543C18}.Release|Any CPU.ActiveCfg = Release|Any CPU
		{C93AAE17-18CF-40CF-8151-F89BA6543C18}.Release|Any CPU.Build.0 = Release|Any CPU
		{C93AAE17-18CF-40CF-8151-F89BA6543C18}.Release|x64.ActiveCfg = Release|Any CPU
		{C93AAE17-18CF-40CF-8151-F89BA6543C18}.Release|x64.Build.0 = Release|Any CPU
		{C93AAE17-18CF-40CF-8151-F89BA6543C18}.Release|x86.ActiveCfg = Release|Any CPU
		{C93AAE17-18CF-40CF-8151-F89BA6543C18}.Release|x86.Build.0 = Release|Any CPU
	EndGlobalSection
	GlobalSection(SolutionProperties) = preSolution
		HideSolutionNode = FALSE
	EndGlobalSection
	GlobalSection(NestedProjects) = preSolution
		{353DDF2F-3247-4E39-908C-F8A2798A28C5} = {827E0CD3-B72D-47B6-A68D-7590B98EB39B}
		{05131118-6F97-442D-99AA-2609FBDB11A9} = {827E0CD3-B72D-47B6-A68D-7590B98EB39B}
		{2A2A46CF-69CE-4694-8039-5563E151FBC1} = {827E0CD3-B72D-47B6-A68D-7590B98EB39B}
		{E9B74378-C209-4AF7-A35E-964ABC085B8A} = {827E0CD3-B72D-47B6-A68D-7590B98EB39B}
		{9F693C4A-C4FF-4AB3-BCAC-77A56EE9A8ED} = {07C2787E-EAC7-C090-1BA3-A61EC2A24D84}
		{C93AAE17-18CF-40CF-8151-F89BA6543C18} = {0AB3BF05-4346-4AA6-1389-037BE0695223}
	EndGlobalSection
EndGlobal
